
Microsoft Visual Studio Solution File, Format Version 12.00
# Visual Studio 15
VisualStudioVersion = 15.0.26124.0
MinimumVisualStudioVersion = 15.0.26124.0
Project("{FAE04EC0-301F-11D3-BF4B-00C04F79EFBC}") = "SolarCoffee.Data", "SolarCoffee.Data\SolarCoffee.Data.csproj", "{0F604B07-8E6A-42CC-A3EA-E20A666CB02B}"
EndProject
Project("{FAE04EC0-301F-11D3-BF4B-00C04F79EFBC}") = "SolarCoffee.Services", "SolarCoffee.Services\SolarCoffee.Services.csproj", "{DD871C88-BA3E-480C-94D2-83FE8265A88E}"
EndProject
Project("{FAE04EC0-301F-11D3-BF4B-00C04F79EFBC}") = "SolarCoffee.Test", "SolarCoffee.Test\SolarCoffee.Test.csproj", "{E4AD2741-E493-430D-BE3E-30DE63CDB3D1}"
EndProject
Project("{FAE04EC0-301F-11D3-BF4B-00C04F79EFBC}") = "SolarCoffee.Web", "SolarCoffee.Web\SolarCoffee.Web.csproj", "{5F9A04BC-4781-4CCF-A34C-B444B98ED92D}"
EndProject
Global
	GlobalSection(SolutionConfigurationPlatforms) = preSolution
		Debug|Any CPU = Debug|Any CPU
		Debug|x64 = Debug|x64
		Debug|x86 = Debug|x86
		Release|Any CPU = Release|Any CPU
		Release|x64 = Release|x64
		Release|x86 = Release|x86
	EndGlobalSection
	GlobalSection(SolutionProperties) = preSolution
		HideSolutionNode = FALSE
	EndGlobalSection
	GlobalSection(ProjectConfigurationPlatforms) = postSolution
		{0F604B07-8E6A-42CC-A3EA-E20A666CB02B}.Debug|Any CPU.ActiveCfg = Debug|Any CPU
		{0F604B07-8E6A-42CC-A3EA-E20A666CB02B}.Debug|Any CPU.Build.0 = Debug|Any CPU
		{0F604B07-8E6A-42CC-A3EA-E20A666CB02B}.Debug|x64.ActiveCfg = Debug|Any CPU
		{0F604B07-8E6A-42CC-A3EA-E20A666CB02B}.Debug|x64.Build.0 = Debug|Any CPU
		{0F604B07-8E6A-42CC-A3EA-E20A666CB02B}.Debug|x86.ActiveCfg = Debug|Any CPU
		{0F604B07-8E6A-42CC-A3EA-E20A666CB02B}.Debug|x86.Build.0 = Debug|Any CPU
		{0F604B07-8E6A-42CC-A3EA-E20A666CB02B}.Release|Any CPU.ActiveCfg = Release|Any CPU
		{0F604B07-8E6A-42CC-A3EA-E20A666CB02B}.Release|Any CPU.Build.0 = Release|Any CPU
		{0F604B07-8E6A-42CC-A3EA-E20A666CB02B}.Release|x64.ActiveCfg = Release|Any CPU
		{0F604B07-8E6A-42CC-A3EA-E20A666CB02B}.Release|x64.Build.0 = Release|Any CPU
		{0F604B07-8E6A-42CC-A3EA-E20A666CB02B}.Release|x86.ActiveCfg = Release|Any CPU
		{0F604B07-8E6A-42CC-A3EA-E20A666CB02B}.Release|x86.Build.0 = Release|Any CPU
		{DD871C88-BA3E-480C-94D2-83FE8265A88E}.Debug|Any CPU.ActiveCfg = Debug|Any CPU
		{DD871C88-BA3E-480C-94D2-83FE8265A88E}.Debug|Any CPU.Build.0 = Debug|Any CPU
		{DD871C88-BA3E-480C-94D2-83FE8265A88E}.Debug|x64.ActiveCfg = Debug|Any CPU
		{DD871C88-BA3E-480C-94D2-83FE8265A88E}.Debug|x64.Build.0 = Debug|Any CPU
		{DD871C88-BA3E-480C-94D2-83FE8265A88E}.Debug|x86.ActiveCfg = Debug|Any CPU
		{DD871C88-BA3E-480C-94D2-83FE8265A88E}.Debug|x86.Build.0 = Debug|Any CPU
		{DD871C88-BA3E-480C-94D2-83FE8265A88E}.Release|Any CPU.ActiveCfg = Release|Any CPU
		{DD871C88-BA3E-480C-94D2-83FE8265A88E}.Release|Any CPU.Build.0 = Release|Any CPU
		{DD871C88-BA3E-480C-94D2-83FE8265A88E}.Release|x64.ActiveCfg = Release|Any CPU
		{DD871C88-BA3E-480C-94D2-83FE8265A88E}.Release|x64.Build.0 = Release|Any CPU
		{DD871C88-BA3E-480C-94D2-83FE8265A88E}.Release|x86.ActiveCfg = Release|Any CPU
		{DD871C88-BA3E-480C-94D2-83FE8265A88E}.Release|x86.Build.0 = Release|Any CPU
		{E4AD2741-E493-430D-BE3E-30DE63CDB3D1}.Debug|Any CPU.ActiveCfg = Debug|Any CPU
		{E4AD2741-E493-430D-BE3E-30DE63CDB3D1}.Debug|Any CPU.Build.0 = Debug|Any CPU
		{E4AD2741-E493-430D-BE3E-30DE63CDB3D1}.Debug|x64.ActiveCfg = Debug|Any CPU
		{E4AD2741-E493-430D-BE3E-30DE63CDB3D1}.Debug|x64.Build.0 = Debug|Any CPU
		{E4AD2741-E493-430D-BE3E-30DE63CDB3D1}.Debug|x86.ActiveCfg = Debug|Any CPU
		{E4AD2741-E493-430D-BE3E-30DE63CDB3D1}.Debug|x86.Build.0 = Debug|Any CPU
		{E4AD2741-E493-430D-BE3E-30DE63CDB3D1}.Release|Any CPU.ActiveCfg = Release|Any CPU
		{E4AD2741-E493-430D-BE3E-30DE63CDB3D1}.Release|Any CPU.Build.0 = Release|Any CPU
		{E4AD2741-E493-430D-BE3E-30DE63CDB3D1}.Release|x64.ActiveCfg = Release|Any CPU
		{E4AD2741-E493-430D-BE3E-30DE63CDB3D1}.Release|x64.Build.0 = Release|Any CPU
		{E4AD2741-E493-430D-BE3E-30DE63CDB3D1}.Release|x86.ActiveCfg = Release|Any CPU
		{E4AD2741-E493-430D-BE3E-30DE63CDB3D1}.Release|x86.Build.0 = Release|Any CPU
		{5F9A04BC-4781-4CCF-A34C-B444B98ED92D}.Debug|Any CPU.ActiveCfg = Debug|Any CPU
		{5F9A04BC-4781-4CCF-A34C-B444B98ED92D}.Debug|Any CPU.Build.0 = Debug|Any CPU
		{5F9A04BC-4781-4CCF-A34C-B444B98ED92D}.Debug|x64.ActiveCfg = Debug|Any CPU
		{5F9A04BC-4781-4CCF-A34C-B444B98ED92D}.Debug|x64.Build.0 = Debug|Any CPU
		{5F9A04BC-4781-4CCF-A34C-B444B98ED92D}.Debug|x86.ActiveCfg = Debug|Any CPU
		{5F9A04BC-4781-4CCF-A34C-B444B98ED92D}.Debug|x86.Build.0 = Debug|Any CPU
		{5F9A04BC-4781-4CCF-A34C-B444B98ED92D}.Release|Any CPU.ActiveCfg = Release|Any CPU
		{5F9A04BC-4781-4CCF-A34C-B444B98ED92D}.Release|Any CPU.Build.0 = Release|Any CPU
		{5F9A04BC-4781-4CCF-A34C-B444B98ED92D}.Release|x64.ActiveCfg = Release|Any CPU
		{5F9A04BC-4781-4CCF-A34C-B444B98ED92D}.Release|x64.Build.0 = Release|Any CPU
		{5F9A04BC-4781-4CCF-A34C-B444B98ED92D}.Release|x86.ActiveCfg = Release|Any CPU
		{5F9A04BC-4781-4CCF-A34C-B444B98ED92D}.Release|x86.Build.0 = Release|Any CPU
	EndGlobalSection
EndGlobal
